
Microsoft Visual Studio Solution File, Format Version 12.00
# Visual Studio Version 16
VisualStudioVersion = 16.0.30104.148
MinimumVisualStudioVersion = 10.0.40219.1
Project("{FAE04EC0-301F-11D3-BF4B-00C04F79EFBC}") = "WebsiteWebApI", "WebsiteWebApI\WebsiteWebApI.csproj", "{7960524F-6B60-426B-A2B4-E87DA1267072}"
EndProject
Global
	GlobalSection(SolutionConfigurationPlatforms) = preSolution
		Debug|Any CPU = Debug|Any CPU
		Release|Any CPU = Release|Any CPU
	EndGlobalSection
	GlobalSection(ProjectConfigurationPlatforms) = postSolution
		{7960524F-6B60-426B-A2B4-E87DA1267072}.Debug|Any CPU.ActiveCfg = Debug|Any CPU
		{7960524F-6B60-426B-A2B4-E87DA1267072}.Debug|Any CPU.Build.0 = Debug|Any CPU
		{7960524F-6B60-426B-A2B4-E87DA1267072}.Release|Any CPU.ActiveCfg = Release|Any CPU
		{7960524F-6B60-426B-A2B4-E87DA1267072}.Release|Any CPU.Build.0 = Release|Any CPU
	EndGlobalSection
	GlobalSection(SolutionProperties) = preSolution
		HideSolutionNode = FALSE
	EndGlobalSection
	GlobalSection(ExtensibilityGlobals) = postSolution
		SolutionGuid = {62501C59-43BC-48A4-A178-17B7AC2C3A22}
	EndGlobalSection
EndGlobal
